
Microsoft Visual Studio Solution File, Format Version 12.00
# Visual Studio Version 16
VisualStudioVersion = 16.0.31702.278
MinimumVisualStudioVersion = 10.0.40219.1
Project("{FAE04EC0-301F-11D3-BF4B-00C04F79EFBC}") = "лаба 5", "лаба 5\лаба 5.csproj", "{3A3B7444-F670-4151-96E6-0182158C5899}"
EndProject
Global
	GlobalSection(SolutionConfigurationPlatforms) = preSolution
		Debug|Any CPU = Debug|Any CPU
		Release|Any CPU = Release|Any CPU
	EndGlobalSection
	GlobalSection(ProjectConfigurationPlatforms) = postSolution
		{3A3B7444-F670-4151-96E6-0182158C5899}.Debug|Any CPU.ActiveCfg = Debug|Any CPU
		{3A3B7444-F670-4151-96E6-0182158C5899}.Debug|Any CPU.Build.0 = Debug|Any CPU
		{3A3B7444-F670-4151-96E6-0182158C5899}.Release|Any CPU.ActiveCfg = Release|Any CPU
		{3A3B7444-F670-4151-96E6-0182158C5899}.Release|Any CPU.Build.0 = Release|Any CPU
	EndGlobalSection
	GlobalSection(SolutionProperties) = preSolution
		HideSolutionNode = FALSE
	EndGlobalSection
	GlobalSection(ExtensibilityGlobals) = postSolution
		SolutionGuid = {829C5F76-EF50-4C1A-9931-88AF6C888DA4}
	EndGlobalSection
EndGlobal
